// !$*UTF8*$!
{
	archiveVersion = 1;
	classes = {
	};
	objectVersion = 51;
	objects = {

/* Begin PBXBuildFile section */
		07195545270BEDE9001B1951 /* AppDelegate.swift in Sources */ = {isa = PBXBuildFile; fileRef = 07195544270BEDE9001B1951 /* AppDelegate.swift */; };
		07195547270BEDE9001B1951 /* SceneDelegate.swift in Sources */ = {isa = PBXBuildFile; fileRef = 07195546270BEDE9001B1951 /* SceneDelegate.swift */; };
		07195549270BEDE9001B1951 /* LoginViewController.swift in Sources */ = {isa = PBXBuildFile; fileRef = 07195548270BEDE9001B1951 /* LoginViewController.swift */; };
		0719554C270BEDE9001B1951 /* Main.storyboard in Resources */ = {isa = PBXBuildFile; fileRef = 0719554A270BEDE9001B1951 /* Main.storyboard */; };
		0719554E270BEDEB001B1951 /* Assets.xcassets in Resources */ = {isa = PBXBuildFile; fileRef = 0719554D270BEDEB001B1951 /* Assets.xcassets */; };
		07195551270BEDEB001B1951 /* LaunchScreen.storyboard in Resources */ = {isa = PBXBuildFile; fileRef = 0719554F270BEDEB001B1951 /* LaunchScreen.storyboard */; };
		0719555D270C0588001B1951 /* GoogleService-Info.plist in Resources */ = {isa = PBXBuildFile; fileRef = 0719555C270C0588001B1951 /* GoogleService-Info.plist */; };
		0719555F270C10D3001B1951 /* CalendarViewController.swift in Sources */ = {isa = PBXBuildFile; fileRef = 0719555E270C10D3001B1951 /* CalendarViewController.swift */; };
		07195561270C1254001B1951 /* CountRegisterViewController.swift in Sources */ = {isa = PBXBuildFile; fileRef = 07195560270C1254001B1951 /* CountRegisterViewController.swift */; };
		07195563270C17E0001B1951 /* RankingViewController.swift in Sources */ = {isa = PBXBuildFile; fileRef = 07195562270C17E0001B1951 /* RankingViewController.swift */; };
		07195566270C1942001B1951 /* Keychain.swift in Sources */ = {isa = PBXBuildFile; fileRef = 07195565270C1942001B1951 /* Keychain.swift */; };
		07195568270C1ACD001B1951 /* TabBarViewController.swift in Sources */ = {isa = PBXBuildFile; fileRef = 07195567270C1ACD001B1951 /* TabBarViewController.swift */; };
		0719556A270C3477001B1951 /* Count.swift in Sources */ = {isa = PBXBuildFile; fileRef = 07195569270C3477001B1951 /* Count.swift */; };
		0719556E270D8938001B1951 /* Ranking.swift in Sources */ = {isa = PBXBuildFile; fileRef = 0719556D270D8938001B1951 /* Ranking.swift */; };
		CB4AFD5A40C9E743A58B46C8 /* Pods_OhnawaLog.framework in Frameworks */ = {isa = PBXBuildFile; fileRef = C73EC342991478F0ECD602BC /* Pods_OhnawaLog.framework */; };
/* End PBXBuildFile section */

/* Begin PBXFileReference section */
		07195541270BEDE9001B1951 /* OhnawaLog.app */ = {isa = PBXFileReference; explicitFileType = wrapper.application; includeInIndex = 0; path = OhnawaLog.app; sourceTree = BUILT_PRODUCTS_DIR; };
		07195544270BEDE9001B1951 /* AppDelegate.swift */ = {isa = PBXFileReference; lastKnownFileType = sourcecode.swift; path = AppDelegate.swift; sourceTree = "<group>"; };
		07195546270BEDE9001B1951 /* SceneDelegate.swift */ = {isa = PBXFileReference; lastKnownFileType = sourcecode.swift; path = SceneDelegate.swift; sourceTree = "<group>"; };
		07195548270BEDE9001B1951 /* LoginViewController.swift */ = {isa = PBXFileReference; lastKnownFileType = sourcecode.swift; path = LoginViewController.swift; sourceTree = "<group>"; };
		0719554B270BEDE9001B1951 /* Base */ = {isa = PBXFileReference; lastKnownFileType = file.storyboard; name = Base; path = Base.lproj/Main.storyboard; sourceTree = "<group>"; };
		0719554D270BEDEB001B1951 /* Assets.xcassets */ = {isa = PBXFileReference; lastKnownFileType = folder.assetcatalog; path = Assets.xcassets; sourceTree = "<group>"; };
		07195550270BEDEB001B1951 /* Base */ = {isa = PBXFileReference; lastKnownFileType = file.storyboard; name = Base; path = Base.lproj/LaunchScreen.storyboard; sourceTree = "<group>"; };
		07195552270BEDEB001B1951 /* Info.plist */ = {isa = PBXFileReference; lastKnownFileType = text.plist.xml; path = Info.plist; sourceTree = "<group>"; };
		0719555C270C0588001B1951 /* GoogleService-Info.plist */ = {isa = PBXFileReference; fileEncoding = 4; lastKnownFileType = text.plist.xml; path = "GoogleService-Info.plist"; sourceTree = "<group>"; };
		0719555E270C10D3001B1951 /* CalendarViewController.swift */ = {isa = PBXFileReference; lastKnownFileType = sourcecode.swift; path = CalendarViewController.swift; sourceTree = "<group>"; };
		07195560270C1254001B1951 /* CountRegisterViewController.swift */ = {isa = PBXFileReference; lastKnownFileType = sourcecode.swift; path = CountRegisterViewController.swift; sourceTree = "<group>"; };
		07195562270C17E0001B1951 /* RankingViewController.swift */ = {isa = PBXFileReference; lastKnownFileType = sourcecode.swift; path = RankingViewController.swift; sourceTree = "<group>"; };
		07195565270C1942001B1951 /* Keychain.swift */ = {isa = PBXFileReference; lastKnownFileType = sourcecode.swift; path = Keychain.swift; sourceTree = "<group>"; };
		07195567270C1ACD001B1951 /* TabBarViewController.swift */ = {isa = PBXFileReference; lastKnownFileType = sourcecode.swift; path = TabBarViewController.swift; sourceTree = "<group>"; };
		07195569270C3477001B1951 /* Count.swift */ = {isa = PBXFileReference; lastKnownFileType = sourcecode.swift; path = Count.swift; sourceTree = "<group>"; };
		0719556D270D8938001B1951 /* Ranking.swift */ = {isa = PBXFileReference; lastKnownFileType = sourcecode.swift; path = Ranking.swift; sourceTree = "<group>"; };
		BCC9FA6E44D84B3A7A094FA1 /* Pods-OhnawaLog.debug.xcconfig */ = {isa = PBXFileReference; includeInIndex = 1; lastKnownFileType = text.xcconfig; name = "Pods-OhnawaLog.debug.xcconfig"; path = "Target Support Files/Pods-OhnawaLog/Pods-OhnawaLog.debug.xcconfig"; sourceTree = "<group>"; };
		C12A6098539AA1FAA14419DC /* Pods-OhnawaLog.release.xcconfig */ = {isa = PBXFileReference; includeInIndex = 1; lastKnownFileType = text.xcconfig; name = "Pods-OhnawaLog.release.xcconfig"; path = "Target Support Files/Pods-OhnawaLog/Pods-OhnawaLog.release.xcconfig"; sourceTree = "<group>"; };
		C73EC342991478F0ECD602BC /* Pods_OhnawaLog.framework */ = {isa = PBXFileReference; explicitFileType = wrapper.framework; includeInIndex = 0; path = Pods_OhnawaLog.framework; sourceTree = BUILT_PRODUCTS_DIR; };
/* End PBXFileReference section */

/* Begin PBXFrameworksBuildPhase section */
		0719553E270BEDE9001B1951 /* Frameworks */ = {
			isa = PBXFrameworksBuildPhase;
			buildActionMask = 2147483647;
			files = (
				CB4AFD5A40C9E743A58B46C8 /* Pods_OhnawaLog.framework in Frameworks */,
			);
			runOnlyForDeploymentPostprocessing = 0;
		};
/* End PBXFrameworksBuildPhase section */

/* Begin PBXGroup section */
		07195538270BEDE9001B1951 = {
			isa = PBXGroup;
			children = (
				07195543270BEDE9001B1951 /* OhnawaLog */,
				07195542270BEDE9001B1951 /* Products */,
				F67BD5FEF73A0C186CA55698 /* Pods */,
				BBC4089FE35EEB3B64EC8E7A /* Frameworks */,
			);
			sourceTree = "<group>";
		};
		07195542270BEDE9001B1951 /* Products */ = {
			isa = PBXGroup;
			children = (
				07195541270BEDE9001B1951 /* OhnawaLog.app */,
			);
			name = Products;
			sourceTree = "<group>";
		};
		07195543270BEDE9001B1951 /* OhnawaLog */ = {
			isa = PBXGroup;
			children = (
				07195544270BEDE9001B1951 /* AppDelegate.swift */,
				07195546270BEDE9001B1951 /* SceneDelegate.swift */,
				07195564270C18D8001B1951 /* Model */,
				07195559270BEE4A001B1951 /* View */,
				07195558270BEE2B001B1951 /* Controller */,
				07195565270C1942001B1951 /* Keychain.swift */,
				0719554D270BEDEB001B1951 /* Assets.xcassets */,
				07195552270BEDEB001B1951 /* Info.plist */,
				0719555C270C0588001B1951 /* GoogleService-Info.plist */,
			);
			path = OhnawaLog;
			sourceTree = "<group>";
		};
		07195558270BEE2B001B1951 /* Controller */ = {
			isa = PBXGroup;
			children = (
				07195548270BEDE9001B1951 /* LoginViewController.swift */,
				0719555E270C10D3001B1951 /* CalendarViewController.swift */,
				07195560270C1254001B1951 /* CountRegisterViewController.swift */,
				07195562270C17E0001B1951 /* RankingViewController.swift */,
				07195567270C1ACD001B1951 /* TabBarViewController.swift */,
			);
			path = Controller;
			sourceTree = "<group>";
		};
		07195559270BEE4A001B1951 /* View */ = {
			isa = PBXGroup;
			children = (
				0719554A270BEDE9001B1951 /* Main.storyboard */,
				0719554F270BEDEB001B1951 /* LaunchScreen.storyboard */,
			);
			path = View;
			sourceTree = "<group>";
		};
		07195564270C18D8001B1951 /* Model */ = {
			isa = PBXGroup;
			children = (
				07195569270C3477001B1951 /* Count.swift */,
				0719556D270D8938001B1951 /* Ranking.swift */,
			);
			path = Model;
			sourceTree = "<group>";
		};
		BBC4089FE35EEB3B64EC8E7A /* Frameworks */ = {
			isa = PBXGroup;
			children = (
				C73EC342991478F0ECD602BC /* Pods_OhnawaLog.framework */,
			);
			name = Frameworks;
			sourceTree = "<group>";
		};
		F67BD5FEF73A0C186CA55698 /* Pods */ = {
			isa = PBXGroup;
			children = (
				BCC9FA6E44D84B3A7A094FA1 /* Pods-OhnawaLog.debug.xcconfig */,
				C12A6098539AA1FAA14419DC /* Pods-OhnawaLog.release.xcconfig */,
			);
			path = Pods;
			sourceTree = "<group>";
		};
/* End PBXGroup section */

/* Begin PBXNativeTarget section */
		07195540270BEDE9001B1951 /* OhnawaLog */ = {
			isa = PBXNativeTarget;
			buildConfigurationList = 07195555270BEDEB001B1951 /* Build configuration list for PBXNativeTarget "OhnawaLog" */;
			buildPhases = (
				2D6557363B391E36636E7F2D /* [CP] Check Pods Manifest.lock */,
				0719553D270BEDE9001B1951 /* Sources */,
				0719553E270BEDE9001B1951 /* Frameworks */,
				0719553F270BEDE9001B1951 /* Resources */,
				D0BF7B154CB3598813367001 /* [CP] Embed Pods Frameworks */,
			);
			buildRules = (
			);
			dependencies = (
			);
			name = OhnawaLog;
			productName = OhnawaLog;
			productReference = 07195541270BEDE9001B1951 /* OhnawaLog.app */;
			productType = "com.apple.product-type.application";
		};
/* End PBXNativeTarget section */

/* Begin PBXProject section */
		07195539270BEDE9001B1951 /* Project object */ = {
			isa = PBXProject;
			attributes = {
				LastSwiftUpdateCheck = 1250;
				LastUpgradeCheck = 1250;
				TargetAttributes = {
					07195540270BEDE9001B1951 = {
						CreatedOnToolsVersion = 12.5;
					};
				};
			};
			buildConfigurationList = 0719553C270BEDE9001B1951 /* Build configuration list for PBXProject "OhnawaLog" */;
			compatibilityVersion = "Xcode 9.3";
			developmentRegion = en;
			hasScannedForEncodings = 0;
			knownRegions = (
				en,
				Base,
			);
			mainGroup = 07195538270BEDE9001B1951;
			productRefGroup = 07195542270BEDE9001B1951 /* Products */;
			projectDirPath = "";
			projectRoot = "";
			targets = (
				07195540270BEDE9001B1951 /* OhnawaLog */,
			);
		};
/* End PBXProject section */

/* Begin PBXResourcesBuildPhase section */
		0719553F270BEDE9001B1951 /* Resources */ = {
			isa = PBXResourcesBuildPhase;
			buildActionMask = 2147483647;
			files = (
				07195551270BEDEB001B1951 /* LaunchScreen.storyboard in Resources */,
				0719555D270C0588001B1951 /* GoogleService-Info.plist in Resources */,
				0719554E270BEDEB001B1951 /* Assets.xcassets in Resources */,
				0719554C270BEDE9001B1951 /* Main.storyboard in Resources */,
			);
			runOnlyForDeploymentPostprocessing = 0;
		};
/* End PBXResourcesBuildPhase section */

/* Begin PBXShellScriptBuildPhase section */
		2D6557363B391E36636E7F2D /* [CP] Check Pods Manifest.lock */ = {
			isa = PBXShellScriptBuildPhase;
			buildActionMask = 2147483647;
			files = (
			);
			inputFileListPaths = (
			);
			inputPaths = (
				"${PODS_PODFILE_DIR_PATH}/Podfile.lock",
				"${PODS_ROOT}/Manifest.lock",
			);
			name = "[CP] Check Pods Manifest.lock";
			outputFileListPaths = (
			);
			outputPaths = (
				"$(DERIVED_FILE_DIR)/Pods-OhnawaLog-checkManifestLockResult.txt",
			);
			runOnlyForDeploymentPostprocessing = 0;
			shellPath = /bin/sh;
			shellScript = "diff \"${PODS_PODFILE_DIR_PATH}/Podfile.lock\" \"${PODS_ROOT}/Manifest.lock\" > /dev/null\nif [ $? != 0 ] ; then\n    # print error to STDERR\n    echo \"error: The sandbox is not in sync with the Podfile.lock. Run 'pod install' or update your CocoaPods installation.\" >&2\n    exit 1\nfi\n# This output is used by Xcode 'outputs' to avoid re-running this script phase.\necho \"SUCCESS\" > \"${SCRIPT_OUTPUT_FILE_0}\"\n";
			showEnvVarsInLog = 0;
		};
		D0BF7B154CB3598813367001 /* [CP] Embed Pods Frameworks */ = {
			isa = PBXShellScriptBuildPhase;
			buildActionMask = 2147483647;
			files = (
			);
			inputFileListPaths = (
				"${PODS_ROOT}/Target Support Files/Pods-OhnawaLog/Pods-OhnawaLog-frameworks-${CONFIGURATION}-input-files.xcfilelist",
			);
			name = "[CP] Embed Pods Frameworks";
			outputFileListPaths = (
				"${PODS_ROOT}/Target Support Files/Pods-OhnawaLog/Pods-OhnawaLog-frameworks-${CONFIGURATION}-output-files.xcfilelist",
			);
			runOnlyForDeploymentPostprocessing = 0;
			shellPath = /bin/sh;
			shellScript = "\"${PODS_ROOT}/Target Support Files/Pods-OhnawaLog/Pods-OhnawaLog-frameworks.sh\"\n";
			showEnvVarsInLog = 0;
		};
/* End PBXShellScriptBuildPhase section */

/* Begin PBXSourcesBuildPhase section */
		0719553D270BEDE9001B1951 /* Sources */ = {
			isa = PBXSourcesBuildPhase;
			buildActionMask = 2147483647;
			files = (
				07195568270C1ACD001B1951 /* TabBarViewController.swift in Sources */,
				0719555F270C10D3001B1951 /* CalendarViewController.swift in Sources */,
				07195549270BEDE9001B1951 /* LoginViewController.swift in Sources */,
				0719556A270C3477001B1951 /* Count.swift in Sources */,
				0719556E270D8938001B1951 /* Ranking.swift in Sources */,
				07195561270C1254001B1951 /* CountRegisterViewController.swift in Sources */,
				07195545270BEDE9001B1951 /* AppDelegate.swift in Sources */,
				07195547270BEDE9001B1951 /* SceneDelegate.swift in Sources */,
				07195563270C17E0001B1951 /* RankingViewController.swift in Sources */,
				07195566270C1942001B1951 /* Keychain.swift in Sources */,
			);
			runOnlyForDeploymentPostprocessing = 0;
		};
/* End PBXSourcesBuildPhase section */

/* Begin PBXVariantGroup section */
		0719554A270BEDE9001B1951 /* Main.storyboard */ = {
			isa = PBXVariantGroup;
			children = (
				0719554B270BEDE9001B1951 /* Base */,
			);
			name = Main.storyboard;
			sourceTree = "<group>";
		};
		0719554F270BEDEB001B1951 /* LaunchScreen.storyboard */ = {
			isa = PBXVariantGroup;
			children = (
				07195550270BEDEB001B1951 /* Base */,
			);
			name = LaunchScreen.storyboard;
			sourceTree = "<group>";
		};
/* End PBXVariantGroup section */

/* Begin XCBuildConfiguration section */
		07195553270BEDEB001B1951 /* Debug */ = {
			isa = XCBuildConfiguration;
			buildSettings = {
				ALWAYS_SEARCH_USER_PATHS = NO;
				CLANG_ANALYZER_NONNULL = YES;
				CLANG_ANALYZER_NUMBER_OBJECT_CONVERSION = YES_AGGRESSIVE;
				CLANG_CXX_LANGUAGE_STANDARD = "gnu++14";
				CLANG_CXX_LIBRARY = "libc++";
				CLANG_ENABLE_MODULES = YES;
				CLANG_ENABLE_OBJC_ARC = YES;
				CLANG_ENABLE_OBJC_WEAK = YES;
				CLANG_WARN_BLOCK_CAPTURE_AUTORELEASING = YES;
				CLANG_WARN_BOOL_CONVERSION = YES;
				CLANG_WARN_COMMA = YES;
				CLANG_WARN_CONSTANT_CONVERSION = YES;
				CLANG_WARN_DEPRECATED_OBJC_IMPLEMENTATIONS = YES;
				CLANG_WARN_DIRECT_OBJC_ISA_USAGE = YES_ERROR;
				CLANG_WARN_DOCUMENTATION_COMMENTS = YES;
				CLANG_WARN_EMPTY_BODY = YES;
				CLANG_WARN_ENUM_CONVERSION = YES;
				CLANG_WARN_INFINITE_RECURSION = YES;
				CLANG_WARN_INT_CONVERSION = YES;
				CLANG_WARN_NON_LITERAL_NULL_CONVERSION = YES;
				CLANG_WARN_OBJC_IMPLICIT_RETAIN_SELF = YES;
				CLANG_WARN_OBJC_LITERAL_CONVERSION = YES;
				CLANG_WARN_OBJC_ROOT_CLASS = YES_ERROR;
				CLANG_WARN_QUOTED_INCLUDE_IN_FRAMEWORK_HEADER = YES;
				CLANG_WARN_RANGE_LOOP_ANALYSIS = YES;
				CLANG_WARN_STRICT_PROTOTYPES = YES;
				CLANG_WARN_SUSPICIOUS_MOVE = YES;
				CLANG_WARN_UNGUARDED_AVAILABILITY = YES_AGGRESSIVE;
				CLANG_WARN_UNREACHABLE_CODE = YES;
				CLANG_WARN__DUPLICATE_METHOD_MATCH = YES;
				COPY_PHASE_STRIP = NO;
				DEBUG_INFORMATION_FORMAT = dwarf;
				ENABLE_STRICT_OBJC_MSGSEND = YES;
				ENABLE_TESTABILITY = YES;
				GCC_C_LANGUAGE_STANDARD = gnu11;
				GCC_DYNAMIC_NO_PIC = NO;
				GCC_NO_COMMON_BLOCKS = YES;
				GCC_OPTIMIZATION_LEVEL = 0;
				GCC_PREPROCESSOR_DEFINITIONS = (
					"DEBUG=1",
					"$(inherited)",
				);
				GCC_WARN_64_TO_32_BIT_CONVERSION = YES;
				GCC_WARN_ABOUT_RETURN_TYPE = YES_ERROR;
				GCC_WARN_UNDECLARED_SELECTOR = YES;
				GCC_WARN_UNINITIALIZED_AUTOS = YES_AGGRESSIVE;
				GCC_WARN_UNUSED_FUNCTION = YES;
				GCC_WARN_UNUSED_VARIABLE = YES;
				IPHONEOS_DEPLOYMENT_TARGET = 14.5;
				MTL_ENABLE_DEBUG_INFO = INCLUDE_SOURCE;
				MTL_FAST_MATH = YES;
				ONLY_ACTIVE_ARCH = YES;
				SDKROOT = iphoneos;
				SWIFT_ACTIVE_COMPILATION_CONDITIONS = DEBUG;
				SWIFT_OPTIMIZATION_LEVEL = "-Onone";
			};
			name = Debug;
		};
		07195554270BEDEB001B1951 /* Release */ = {
			isa = XCBuildConfiguration;
			buildSettings = {
				ALWAYS_SEARCH_USER_PATHS = NO;
				CLANG_ANALYZER_NONNULL = YES;
				CLANG_ANALYZER_NUMBER_OBJECT_CONVERSION = YES_AGGRESSIVE;
				CLANG_CXX_LANGUAGE_STANDARD = "gnu++14";
				CLANG_CXX_LIBRARY = "libc++";
				CLANG_ENABLE_MODULES = YES;
				CLANG_ENABLE_OBJC_ARC = YES;
				CLANG_ENABLE_OBJC_WEAK = YES;
				CLANG_WARN_BLOCK_CAPTURE_AUTORELEASING = YES;
				CLANG_WARN_BOOL_CONVERSION = YES;
				CLANG_WARN_COMMA = YES;
				CLANG_WARN_CONSTANT_CONVERSION = YES;
				CLANG_WARN_DEPRECATED_OBJC_IMPLEMENTATIONS = YES;
				CLANG_WARN_DIRECT_OBJC_ISA_USAGE = YES_ERROR;
				CLANG_WARN_DOCUMENTATION_COMMENTS = YES;
				CLANG_WARN_EMPTY_BODY = YES;
				CLANG_WARN_ENUM_CONVERSION = YES;
				CLANG_WARN_INFINITE_RECURSION = YES;
				CLANG_WARN_INT_CONVERSION = YES;
				CLANG_WARN_NON_LITERAL_NULL_CONVERSION = YES;
				CLANG_WARN_OBJC_IMPLICIT_RETAIN_SELF = YES;
				CLANG_WARN_OBJC_LITERAL_CONVERSION = YES;
				CLANG_WARN_OBJC_ROOT_CLASS = YES_ERROR;
				CLANG_WARN_QUOTED_INCLUDE_IN_FRAMEWORK_HEADER = YES;
				CLANG_WARN_RANGE_LOOP_ANALYSIS = YES;
				CLANG_WARN_STRICT_PROTOTYPES = YES;
				CLANG_WARN_SUSPICIOUS_MOVE = YES;
				CLANG_WARN_UNGUARDED_AVAILABILITY = YES_AGGRESSIVE;
				CLANG_WARN_UNREACHABLE_CODE = YES;
				CLANG_WARN__DUPLICATE_METHOD_MATCH = YES;
				COPY_PHASE_STRIP = NO;
				DEBUG_INFORMATION_FORMAT = "dwarf-with-dsym";
				ENABLE_NS_ASSERTIONS = NO;
				ENABLE_STRICT_OBJC_MSGSEND = YES;
				GCC_C_LANGUAGE_STANDARD = gnu11;
				GCC_NO_COMMON_BLOCKS = YES;
				GCC_WARN_64_TO_32_BIT_CONVERSION = YES;
				GCC_WARN_ABOUT_RETURN_TYPE = YES_ERROR;
				GCC_WARN_UNDECLARED_SELECTOR = YES;
				GCC_WARN_UNINITIALIZED_AUTOS = YES_AGGRESSIVE;
				GCC_WARN_UNUSED_FUNCTION = YES;
				GCC_WARN_UNUSED_VARIABLE = YES;
				IPHONEOS_DEPLOYMENT_TARGET = 14.5;
				MTL_ENABLE_DEBUG_INFO = NO;
				MTL_FAST_MATH = YES;
				SDKROOT = iphoneos;
				SWIFT_COMPILATION_MODE = wholemodule;
				SWIFT_OPTIMIZATION_LEVEL = "-O";
				VALIDATE_PRODUCT = YES;
			};
			name = Release;
		};
		07195556270BEDEB001B1951 /* Debug */ = {
			isa = XCBuildConfiguration;
			baseConfigurationReference = BCC9FA6E44D84B3A7A094FA1 /* Pods-OhnawaLog.debug.xcconfig */;
			buildSettings = {
				ASSETCATALOG_COMPILER_APPICON_NAME = AppIcon;
				ASSETCATALOG_COMPILER_GLOBAL_ACCENT_COLOR_NAME = AccentColor;
				CODE_SIGN_STYLE = Automatic;
				DEVELOPMENT_TEAM = T6RT73J9GG;
				INFOPLIST_FILE = OhnawaLog/Info.plist;
				LD_RUNPATH_SEARCH_PATHS = (
					"$(inherited)",
					"@executable_path/Frameworks",
				);
				PRODUCT_BUNDLE_IDENTIFIER = com.MasakatsuTagishi.OhnawaLog;
				PRODUCT_NAME = "$(TARGET_NAME)";
				SWIFT_VERSION = 5.0;
				TARGETED_DEVICE_FAMILY = "1,2";
			};
			name = Debug;
		};
		07195557270BEDEB001B1951 /* Release */ = {
			isa = XCBuildConfiguration;
			baseConfigurationReference = C12A6098539AA1FAA14419DC /* Pods-OhnawaLog.release.xcconfig */;
			buildSettings = {
				ASSETCATALOG_COMPILER_APPICON_NAME = AppIcon;
				ASSETCATALOG_COMPILER_GLOBAL_ACCENT_COLOR_NAME = AccentColor;
				CODE_SIGN_STYLE = Automatic;
				DEVELOPMENT_TEAM = T6RT73J9GG;
				INFOPLIST_FILE = OhnawaLog/Info.plist;
				LD_RUNPATH_SEARCH_PATHS = (
					"$(inherited)",
					"@executable_path/Frameworks",
				);
				PRODUCT_BUNDLE_IDENTIFIER = com.MasakatsuTagishi.OhnawaLog;
				PRODUCT_NAME = "$(TARGET_NAME)";
				SWIFT_VERSION = 5.0;
				TARGETED_DEVICE_FAMILY = "1,2";
			};
			name = Release;
		};
/* End XCBuildConfiguration section */

/* Begin XCConfigurationList section */
		0719553C270BEDE9001B1951 /* Build configuration list for PBXProject "OhnawaLog" */ = {
			isa = XCConfigurationList;
			buildConfigurations = (
				07195553270BEDEB001B1951 /* Debug */,
				07195554270BEDEB001B1951 /* Release */,
			);
			defaultConfigurationIsVisible = 0;
			defaultConfigurationName = Release;
		};
		07195555270BEDEB001B1951 /* Build configuration list for PBXNativeTarget "OhnawaLog" */ = {
			isa = XCConfigurationList;
			buildConfigurations = (
				07195556270BEDEB001B1951 /* Debug */,
				07195557270BEDEB001B1951 /* Release */,
			);
			defaultConfigurationIsVisible = 0;
			defaultConfigurationName = Release;
		};
/* End XCConfigurationList section */
	};
	rootObject = 07195539270BEDE9001B1951 /* Project object */;
}
